{
  "name": "notefiredecrypter",
  "version": "0.1.1",
  "lockfileVersion": 3,
  "requires": true,
  "packages": {
    "": {
      "name": "notefiredecrypter",
      "version": "0.1.1",
      "license": "MIT",
      "dependencies": {
        "sjcl": "^1.0.3"
      }
    },
    "node_modules/sjcl": {
      "version": "1.0.3",
      "resolved": "https://registry.npmjs.org/sjcl/-/sjcl-1.0.3.tgz",
      "integrity": "sha512-d47gakvT49vvhMG+9ujYvK+/gh7s1Hon9IBJ8ci9RutycnflVgDhF6DjnID2DfxVkTxUrsOlxbVnolLFrstunQ==",
      "engines": {
        "node": "*"
      }
    }
  }
}
